{
  "name": "theme",
  "version": "0.0.1",
  "lockfileVersion": 1,
  "requires": true,
  "dependencies": {
    "jquery": {
      "version": "3.3.1",
      "resolved": "https://registry.npmjs.org/jquery/-/jquery-3.3.1.tgz",
      "integrity": "sha512-Ubldcmxp5np52/ENotGxlLe6aGMvmF4R8S6tZjsP6Knsaxd/xp3Zrh50cG93lR6nPXyUFwzN3ZSOQI0wRJNdGg=="
    },
    "semantic-ui-less": {
      "version": "2.4.1",
      "resolved": "https://registry.npmjs.org/semantic-ui-less/-/semantic-ui-less-2.4.1.tgz",
      "integrity": "sha512-/+nhPV6If2ydCz89/SSWzYD8ualDtjh4Tk3F6cqRj2luZj1DRjJ2nM9NKqmeyLlQFNFM94wpnpKXcjxRzZh5GA==",
      "requires": {
        "jquery": "x.*"
      }
    }
  }
}
